
Microsoft Visual Studio Solution File, Format Version 12.00
# Visual Studio Version 17
VisualStudioVersion = 17.5.002.0
MinimumVisualStudioVersion = 10.0.40219.1
Project("{9A19103F-16F7-4668-BE54-9A1E7A4F7556}") = "Bodega", "Bodega.csproj", "{4C37D2F0-FFD6-4C59-9F0A-A1C1138315D2}"
EndProject
Global
	GlobalSection(SolutionConfigurationPlatforms) = preSolution
		Debug|Any CPU = Debug|Any CPU
		Release|Any CPU = Release|Any CPU
	EndGlobalSection
	GlobalSection(ProjectConfigurationPlatforms) = postSolution
		{4C37D2F0-FFD6-4C59-9F0A-A1C1138315D2}.Debug|Any CPU.ActiveCfg = Debug|Any CPU
		{4C37D2F0-FFD6-4C59-9F0A-A1C1138315D2}.Debug|Any CPU.Build.0 = Debug|Any CPU
		{4C37D2F0-FFD6-4C59-9F0A-A1C1138315D2}.Release|Any CPU.ActiveCfg = Release|Any CPU
		{4C37D2F0-FFD6-4C59-9F0A-A1C1138315D2}.Release|Any CPU.Build.0 = Release|Any CPU
	EndGlobalSection
	GlobalSection(SolutionProperties) = preSolution
		HideSolutionNode = FALSE
	EndGlobalSection
	GlobalSection(ExtensibilityGlobals) = postSolution
		SolutionGuid = {825A9AEF-ABBB-4AD9-97DF-FB804BDE8654}
	EndGlobalSection
EndGlobal
